
Microsoft Visual Studio Solution File, Format Version 12.00
# Visual Studio Version 17
VisualStudioVersion = 17.0.31903.59
MinimumVisualStudioVersion = 10.0.40219.1
Project("{FAE04EC0-301F-11D3-BF4B-00C04F79EFBC}") = "Domain", "Domain\Domain.csproj", "{7F8E1725-E138-4D8C-90AB-DE4FEE29CD88}"
EndProject
Project("{FAE04EC0-301F-11D3-BF4B-00C04F79EFBC}") = "Infastructure", "Infastructure\Infastructure.csproj", "{3D77A2B1-3790-4CFD-8F16-446957FC33DF}"
EndProject
Project("{FAE04EC0-301F-11D3-BF4B-00C04F79EFBC}") = "Main", "Main\Main.csproj", "{B1BAEE2B-5669-4A7D-BCA0-E13842564F4B}"
EndProject
Global
	GlobalSection(SolutionConfigurationPlatforms) = preSolution
		Debug|Any CPU = Debug|Any CPU
		Release|Any CPU = Release|Any CPU
	EndGlobalSection
	GlobalSection(SolutionProperties) = preSolution
		HideSolutionNode = FALSE
	EndGlobalSection
	GlobalSection(ProjectConfigurationPlatforms) = postSolution
		{7F8E1725-E138-4D8C-90AB-DE4FEE29CD88}.Debug|Any CPU.ActiveCfg = Debug|Any CPU
		{7F8E1725-E138-4D8C-90AB-DE4FEE29CD88}.Debug|Any CPU.Build.0 = Debug|Any CPU
		{7F8E1725-E138-4D8C-90AB-DE4FEE29CD88}.Release|Any CPU.ActiveCfg = Release|Any CPU
		{7F8E1725-E138-4D8C-90AB-DE4FEE29CD88}.Release|Any CPU.Build.0 = Release|Any CPU
		{3D77A2B1-3790-4CFD-8F16-446957FC33DF}.Debug|Any CPU.ActiveCfg = Debug|Any CPU
		{3D77A2B1-3790-4CFD-8F16-446957FC33DF}.Debug|Any CPU.Build.0 = Debug|Any CPU
		{3D77A2B1-3790-4CFD-8F16-446957FC33DF}.Release|Any CPU.ActiveCfg = Release|Any CPU
		{3D77A2B1-3790-4CFD-8F16-446957FC33DF}.Release|Any CPU.Build.0 = Release|Any CPU
		{B1BAEE2B-5669-4A7D-BCA0-E13842564F4B}.Debug|Any CPU.ActiveCfg = Debug|Any CPU
		{B1BAEE2B-5669-4A7D-BCA0-E13842564F4B}.Debug|Any CPU.Build.0 = Debug|Any CPU
		{B1BAEE2B-5669-4A7D-BCA0-E13842564F4B}.Release|Any CPU.ActiveCfg = Release|Any CPU
		{B1BAEE2B-5669-4A7D-BCA0-E13842564F4B}.Release|Any CPU.Build.0 = Release|Any CPU
	EndGlobalSection
EndGlobal
