Microsoft Visual Studio Solution File, Format Version 12.00
# Visual Studio Version 17
VisualStudioVersion = 17.5.2.0
MinimumVisualStudioVersion = 10.0.40219.1
Project("{FAE04EC0-301F-11D3-BF4B-00C04F79EFBC}") = "HomeTask_08.02", "HomeTask_08.02.csproj", "{EE532AAA-FF42-8D02-76B6-C1447A2CA450}"
EndProject
Global
	GlobalSection(SolutionConfigurationPlatforms) = preSolution
		Debug|Any CPU = Debug|Any CPU
		Release|Any CPU = Release|Any CPU
	EndGlobalSection
	GlobalSection(ProjectConfigurationPlatforms) = postSolution
		{EE532AAA-FF42-8D02-76B6-C1447A2CA450}.Debug|Any CPU.ActiveCfg = Debug|Any CPU
		{EE532AAA-FF42-8D02-76B6-C1447A2CA450}.Debug|Any CPU.Build.0 = Debug|Any CPU
		{EE532AAA-FF42-8D02-76B6-C1447A2CA450}.Release|Any CPU.ActiveCfg = Release|Any CPU
		{EE532AAA-FF42-8D02-76B6-C1447A2CA450}.Release|Any CPU.Build.0 = Release|Any CPU
	EndGlobalSection
	GlobalSection(SolutionProperties) = preSolution
		HideSolutionNode = FALSE
	EndGlobalSection
	GlobalSection(ExtensibilityGlobals) = postSolution
		SolutionGuid = {9B8A47B4-1F76-4046-8C97-D5298C311BEE}
	EndGlobalSection
EndGlobal
